
Microsoft Visual Studio Solution File, Format Version 12.00
# Visual Studio Version 17
VisualStudioVersion = 17.11.35327.3
MinimumVisualStudioVersion = 10.0.40219.1
Project("{FAE04EC0-301F-11D3-BF4B-00C04F79EFBC}") = "CodeFirstApproach", "CodeFirstApproach.csproj", "{3E11D145-CE54-4468-B466-849D7D450E39}"
EndProject
Global
	GlobalSection(SolutionConfigurationPlatforms) = preSolution
		Debug|Any CPU = Debug|Any CPU
		Release|Any CPU = Release|Any CPU
	EndGlobalSection
	GlobalSection(ProjectConfigurationPlatforms) = postSolution
		{3E11D145-CE54-4468-B466-849D7D450E39}.Debug|Any CPU.ActiveCfg = Debug|Any CPU
		{3E11D145-CE54-4468-B466-849D7D450E39}.Debug|Any CPU.Build.0 = Debug|Any CPU
		{3E11D145-CE54-4468-B466-849D7D450E39}.Release|Any CPU.ActiveCfg = Release|Any CPU
		{3E11D145-CE54-4468-B466-849D7D450E39}.Release|Any CPU.Build.0 = Release|Any CPU
	EndGlobalSection
	GlobalSection(SolutionProperties) = preSolution
		HideSolutionNode = FALSE
	EndGlobalSection
	GlobalSection(ExtensibilityGlobals) = postSolution
		SolutionGuid = {0844D35B-926A-4FCF-BA06-E06401FCA539}
	EndGlobalSection
EndGlobal
